<?xml version="1.0" encoding="utf-8"?>
<Project ToolsVersion="4.0" xmlns="http://schemas.microsoft.com/developer/msbuild/2003">
  <ItemGroup>
    <Filter Include="Source Files">
      <UniqueIdentifier>{4FC737F1-C7A5-4376-A066-2A32D752A2FF}</UniqueIdentifier>
      <Extensions>cpp;c;cc;cxx;def;odl;idl;hpj;bat;asm;asmx</Extensions>
    </Filter>
    <Filter Include="Header Files">
      <UniqueIdentifier>{93995380-89BD-4b04-88EB-625FBE52EBFB}</UniqueIdentifier>
      <Extensions>h;hh;hpp;hxx;hm;inl;inc;ipp;xsd</Extensions>
    </Filter>
    <Filter Include="Resource Files">
      <UniqueIdentifier>{67DA6AB6-F800-4c08-8B7A-83BB121AAD01}</UniqueIdentifier>
      <Extensions>rc;ico;cur;bmp;dlg;rc2;rct;bin;rgs;gif;jpg;jpeg;jpe;resx;tiff;tif;png;wav;mfcribbon-ms</Extensions>
    </Filter>
    <Filter Include="Header Files\Primitives">
      <UniqueIdentifier>{dd1e926d-ab81-4c9e-a896-aac469383c34}</UniqueIdentifier>
    </Filter>
    <Filter Include="Resource Files\Primitives">
      <UniqueIdentifier>{117b9cc5-0056-40ea-9c7b-be69e9dc5388}</UniqueIdentifier>
    </Filter>
  </ItemGroup>
  <ItemGroup>
    <ClCompile Include="SFMLProject.cpp">
      <Filter>Source Files</Filter>
    </ClCompile>
    <ClCompile Include="gjk_result.h">
      <Filter>Header Files</Filter>
    </ClCompile>
    <ClCompile Include="primitives_drawer.h">
      <Filter>Header Files</Filter>
    </ClCompile>
    <ClCompile Include="gjk_functions.cpp">
      <Filter>Resource Files</Filter>
    </ClCompile>
    <ClCompile Include="minkowski_differens.cpp">
      <Filter>Resource Files</Filter>
    </ClCompile>
    <ClCompile Include="minkowski_edge_distance.cpp">
      <Filter>Resource Files</Filter>
    </ClCompile>
    <ClCompile Include="primitives_drawer.cpp">
      <Filter>Resource Files</Filter>
    </ClCompile>
    <ClCompile Include="gjk_result.cpp">
      <Filter>Resource Files</Filter>
    </ClCompile>
    <ClCompile Include="vector2.cpp">
      <Filter>Resource Files\Primitives</Filter>
    </ClCompile>
    <ClCompile Include="box_block.cpp">
      <Filter>Resource Files\Primitives</Filter>
    </ClCompile>
    <ClCompile Include="collider_resolver.cpp">
      <Filter>Resource Files</Filter>
    </ClCompile>
    <ClCompile Include="collision_result.cpp">
      <Filter>Resource Files</Filter>
    </ClCompile>
    <ClCompile Include="mouse_provider.cpp">
      <Filter>Resource Files</Filter>
    </ClCompile>
    <ClCompile Include="phisic_object.cpp">
      <Filter>Resource Files\Primitives</Filter>
    </ClCompile>
    <ClCompile Include="wall_block.cpp">
      <Filter>Resource Files\Primitives</Filter>
    </ClCompile>
  </ItemGroup>
  <ItemGroup>
    <ClInclude Include="vector2.h">
      <Filter>Header Files\Primitives</Filter>
    </ClInclude>
    <ClInclude Include="gjk_functions.h">
      <Filter>Header Files</Filter>
    </ClInclude>
    <ClInclude Include="minkowski_differens.h">
      <Filter>Header Files</Filter>
    </ClInclude>
    <ClInclude Include="minkowski_edge_distance.h">
      <Filter>Header Files</Filter>
    </ClInclude>
    <ClInclude Include="box_block.h">
      <Filter>Header Files\Primitives</Filter>
    </ClInclude>
    <ClInclude Include="collider_resolver.h">
      <Filter>Header Files</Filter>
    </ClInclude>
    <ClInclude Include="collision_result.h">
      <Filter>Header Files</Filter>
    </ClInclude>
    <ClInclude Include="mouse_provider.h">
      <Filter>Header Files</Filter>
    </ClInclude>
    <ClInclude Include="phisic_object.h">
      <Filter>Header Files\Primitives</Filter>
    </ClInclude>
    <ClInclude Include="wall_block.h">
      <Filter>Header Files\Primitives</Filter>
    </ClInclude>
  </ItemGroup>
</Project>