<?xml version="1.0" encoding="utf-8"?>
<Project ToolsVersion="4.0" xmlns="http://schemas.microsoft.com/developer/msbuild/2003">
  <ItemGroup>
    <Filter Include="Source Files">
      <UniqueIdentifier>{4FC737F1-C7A5-4376-A066-2A32D752A2FF}</UniqueIdentifier>
      <Extensions>cpp;c;cc;cxx;def;odl;idl;hpj;bat;asm;asmx</Extensions>
    </Filter>
    <Filter Include="Header Files">
      <UniqueIdentifier>{93995380-89BD-4b04-88EB-625FBE52EBFB}</UniqueIdentifier>
      <Extensions>h;hh;hpp;hxx;hm;inl;inc;ipp;xsd</Extensions>
    </Filter>
    <Filter Include="Resource Files">
      <UniqueIdentifier>{67DA6AB6-F800-4c08-8B7A-83BB121AAD01}</UniqueIdentifier>
      <Extensions>rc;ico;cur;bmp;dlg;rc2;rct;bin;rgs;gif;jpg;jpeg;jpe;resx;tiff;tif;png;wav;mfcribbon-ms</Extensions>
    </Filter>
    <Filter Include="Resource Files\primitives">
      <UniqueIdentifier>{117b9cc5-0056-40ea-9c7b-be69e9dc5388}</UniqueIdentifier>
    </Filter>
    <Filter Include="Header Files\primitives">
      <UniqueIdentifier>{dd1e926d-ab81-4c9e-a896-aac469383c34}</UniqueIdentifier>
    </Filter>
    <Filter Include="Header Files\models">
      <UniqueIdentifier>{d5509e44-fefe-4253-9b2a-0e4656dca11b}</UniqueIdentifier>
    </Filter>
    <Filter Include="Resource Files\models">
      <UniqueIdentifier>{c0d73bea-9597-4f25-9652-0022244ea5bc}</UniqueIdentifier>
    </Filter>
    <Filter Include="Header Files\physic_objects">
      <UniqueIdentifier>{eda17554-123a-4199-8c96-2ff7e0f95731}</UniqueIdentifier>
    </Filter>
    <Filter Include="Resource Files\physic_objects">
      <UniqueIdentifier>{c7cc3976-7b87-42b1-b4aa-f630605d7789}</UniqueIdentifier>
    </Filter>
  </ItemGroup>
  <ItemGroup>
    <ClCompile Include="primitives_drawer.h">
      <Filter>Header Files</Filter>
    </ClCompile>
    <ClCompile Include="gjk_functions.cpp">
      <Filter>Resource Files</Filter>
    </ClCompile>
    <ClCompile Include="primitives_drawer.cpp">
      <Filter>Resource Files</Filter>
    </ClCompile>
    <ClCompile Include="vector2.cpp">
      <Filter>Resource Files\primitives</Filter>
    </ClCompile>
    <ClCompile Include="collide_resolver.cpp">
      <Filter>Resource Files</Filter>
    </ClCompile>
    <ClCompile Include="edge.cpp">
      <Filter>Resource Files\primitives</Filter>
    </ClCompile>
    <ClCompile Include="box_block.cpp">
      <Filter>Resource Files\physic_objects</Filter>
    </ClCompile>
    <ClCompile Include="phisyc_object.cpp">
      <Filter>Resource Files\physic_objects</Filter>
    </ClCompile>
    <ClCompile Include="wall_block.cpp">
      <Filter>Resource Files\physic_objects</Filter>
    </ClCompile>
    <ClCompile Include="minkowski_difference.cpp">
      <Filter>Resource Files\models</Filter>
    </ClCompile>
    <ClCompile Include="gjk_result.cpp">
      <Filter>Resource Files\models</Filter>
    </ClCompile>
    <ClCompile Include="gjk_result.h">
      <Filter>Header Files\models</Filter>
    </ClCompile>
    <ClCompile Include="main_scene.cpp">
      <Filter>Resource Files</Filter>
    </ClCompile>
    <ClCompile Include="mouse_picker.cpp">
      <Filter>Resource Files</Filter>
    </ClCompile>
    <ClCompile Include="mouse_filter.cpp">
      <Filter>Resource Files</Filter>
    </ClCompile>
    <ClCompile Include="Physic.cpp">
      <Filter>Source Files</Filter>
    </ClCompile>
    <ClCompile Include="line.cpp">
      <Filter>Resource Files\primitives</Filter>
    </ClCompile>
  </ItemGroup>
  <ItemGroup>
    <ClInclude Include="vector2.h">
      <Filter>Header Files\primitives</Filter>
    </ClInclude>
    <ClInclude Include="gjk_functions.h">
      <Filter>Header Files</Filter>
    </ClInclude>
    <ClInclude Include="collide_resolver.h">
      <Filter>Header Files</Filter>
    </ClInclude>
    <ClInclude Include="physic_object.h">
      <Filter>Header Files\physic_objects</Filter>
    </ClInclude>
    <ClInclude Include="box_block.h">
      <Filter>Header Files\physic_objects</Filter>
    </ClInclude>
    <ClInclude Include="minkowski_difference.h">
      <Filter>Header Files\models</Filter>
    </ClInclude>
    <ClInclude Include="epa_result.h">
      <Filter>Header Files\models</Filter>
    </ClInclude>
    <ClInclude Include="clipping_result.h">
      <Filter>Header Files\models</Filter>
    </ClInclude>
    <ClInclude Include="main_scene.h">
      <Filter>Header Files</Filter>
    </ClInclude>
    <ClInclude Include="mouse_picker.h">
      <Filter>Header Files</Filter>
    </ClInclude>
    <ClInclude Include="mouse_filter.h">
      <Filter>Header Files</Filter>
    </ClInclude>
    <ClInclude Include="global.h">
      <Filter>Header Files</Filter>
    </ClInclude>
    <ClInclude Include="wall_block.h">
      <Filter>Header Files\physic_objects</Filter>
    </ClInclude>
    <ClInclude Include="edge.h">
      <Filter>Header Files\primitives</Filter>
    </ClInclude>
    <ClInclude Include="line.h">
      <Filter>Header Files\primitives</Filter>
    </ClInclude>
  </ItemGroup>
</Project>